
Microsoft Visual Studio Solution File, Format Version 11.00
# Visual Studio 2010
Project("{FAE04EC0-301F-11D3-BF4B-00C04F79EFBC}") = "Sirenix.OdinInspector.CompatibilityLayer", "Sirenix.OdinInspector.CompatibilityLayer.csproj", "{746836D5-ED7F-22BA-D00E-4CB043536FB4}"
EndProject
Project("{FAE04EC0-301F-11D3-BF4B-00C04F79EFBC}") = "Assembly-CSharp", "Assembly-CSharp.csproj", "{0F38836E-1203-1218-ED18-18FA79E2E382}"
EndProject
Project("{FAE04EC0-301F-11D3-BF4B-00C04F79EFBC}") = "Sirenix.OdinInspector.CompatibilityLayer.Editor", "Sirenix.OdinInspector.CompatibilityLayer.Editor.csproj", "{4771BCFE-F1B5-CFFD-2902-9C4478D3AB91}"
EndProject
Global
	GlobalSection(SolutionConfigurationPlatforms) = preSolution
		Debug|Any CPU = Debug|Any CPU
		Release|Any CPU = Release|Any CPU
	EndGlobalSection
	GlobalSection(ProjectConfigurationPlatforms) = postSolution
		{746836D5-ED7F-22BA-D00E-4CB043536FB4}.Debug|Any CPU.ActiveCfg = Debug|Any CPU
		{746836D5-ED7F-22BA-D00E-4CB043536FB4}.Debug|Any CPU.Build.0 = Debug|Any CPU
		{746836D5-ED7F-22BA-D00E-4CB043536FB4}.Release|Any CPU.ActiveCfg = Release|Any CPU
		{746836D5-ED7F-22BA-D00E-4CB043536FB4}.Release|Any CPU.Build.0 = Release|Any CPU
		{0F38836E-1203-1218-ED18-18FA79E2E382}.Debug|Any CPU.ActiveCfg = Debug|Any CPU
		{0F38836E-1203-1218-ED18-18FA79E2E382}.Debug|Any CPU.Build.0 = Debug|Any CPU
		{0F38836E-1203-1218-ED18-18FA79E2E382}.Release|Any CPU.ActiveCfg = Release|Any CPU
		{0F38836E-1203-1218-ED18-18FA79E2E382}.Release|Any CPU.Build.0 = Release|Any CPU
		{4771BCFE-F1B5-CFFD-2902-9C4478D3AB91}.Debug|Any CPU.ActiveCfg = Debug|Any CPU
		{4771BCFE-F1B5-CFFD-2902-9C4478D3AB91}.Debug|Any CPU.Build.0 = Debug|Any CPU
		{4771BCFE-F1B5-CFFD-2902-9C4478D3AB91}.Release|Any CPU.ActiveCfg = Release|Any CPU
		{4771BCFE-F1B5-CFFD-2902-9C4478D3AB91}.Release|Any CPU.Build.0 = Release|Any CPU
	EndGlobalSection
	GlobalSection(SolutionProperties) = preSolution
		HideSolutionNode = FALSE
	EndGlobalSection
EndGlobal
